// !$*UTF8*$!
{
	archiveVersion = 1;
	classes = {
	};
	objectVersion = 46;
	objects = {

/* Begin PBXBuildFile section */
		249974EA190EE85C00A1FC9E /* Foundation.framework in Frameworks */ = {isa = PBXBuildFile; fileRef = 249974E9190EE85C00A1FC9E /* Foundation.framework */; };
		249974EC190EE85C00A1FC9E /* CoreGraphics.framework in Frameworks */ = {isa = PBXBuildFile; fileRef = 249974EB190EE85C00A1FC9E /* CoreGraphics.framework */; };
		249974EE190EE85C00A1FC9E /* UIKit.framework in Frameworks */ = {isa = PBXBuildFile; fileRef = 249974ED190EE85C00A1FC9E /* UIKit.framework */; };
		249974F4190EE85C00A1FC9E /* InfoPlist.strings in Resources */ = {isa = PBXBuildFile; fileRef = 249974F2190EE85C00A1FC9E /* InfoPlist.strings */; };
		249974F6190EE85C00A1FC9E /* main.m in Sources */ = {isa = PBXBuildFile; fileRef = 249974F5190EE85C00A1FC9E /* main.m */; };
		249974FA190EE85C00A1FC9E /* AppDelegate.m in Sources */ = {isa = PBXBuildFile; fileRef = 249974F9190EE85C00A1FC9E /* AppDelegate.m */; };
		249974FD190EE85C00A1FC9E /* Main.storyboard in Resources */ = {isa = PBXBuildFile; fileRef = 249974FB190EE85C00A1FC9E /* Main.storyboard */; };
		24997500190EE85C00A1FC9E /* ViewController.m in Sources */ = {isa = PBXBuildFile; fileRef = 249974FF190EE85C00A1FC9E /* ViewController.m */; };
		24997502190EE85C00A1FC9E /* Images.xcassets in Resources */ = {isa = PBXBuildFile; fileRef = 24997501190EE85C00A1FC9E /* Images.xcassets */; };
		24997509190EE85D00A1FC9E /* XCTest.framework in Frameworks */ = {isa = PBXBuildFile; fileRef = 24997508190EE85D00A1FC9E /* XCTest.framework */; };
		2499750A190EE85D00A1FC9E /* Foundation.framework in Frameworks */ = {isa = PBXBuildFile; fileRef = 249974E9190EE85C00A1FC9E /* Foundation.framework */; };
		2499750B190EE85D00A1FC9E /* UIKit.framework in Frameworks */ = {isa = PBXBuildFile; fileRef = 249974ED190EE85C00A1FC9E /* UIKit.framework */; };
		24997513190EE85D00A1FC9E /* InfoPlist.strings in Resources */ = {isa = PBXBuildFile; fileRef = 24997511190EE85D00A1FC9E /* InfoPlist.strings */; };
		24997515190EE85D00A1FC9E /* UITableViewController_Challenge_SolutionTests.m in Sources */ = {isa = PBXBuildFile; fileRef = 24997514190EE85D00A1FC9E /* UITableViewController_Challenge_SolutionTests.m */; };
/* End PBXBuildFile section */

/* Begin PBXContainerItemProxy section */
		2499750C190EE85D00A1FC9E /* PBXContainerItemProxy */ = {
			isa = PBXContainerItemProxy;
			containerPortal = 249974DE190EE85C00A1FC9E /* Project object */;
			proxyType = 1;
			remoteGlobalIDString = 249974E5190EE85C00A1FC9E;
			remoteInfo = "UITableViewController Challenge Solution";
		};
/* End PBXContainerItemProxy section */

/* Begin PBXFileReference section */
		249974E6190EE85C00A1FC9E /* UITableViewController Challenge Solution.app */ = {isa = PBXFileReference; explicitFileType = wrapper.application; includeInIndex = 0; path = "UITableViewController Challenge Solution.app"; sourceTree = BUILT_PRODUCTS_DIR; };
		249974E9190EE85C00A1FC9E /* Foundation.framework */ = {isa = PBXFileReference; lastKnownFileType = wrapper.framework; name = Foundation.framework; path = System/Library/Frameworks/Foundation.framework; sourceTree = SDKROOT; };
		249974EB190EE85C00A1FC9E /* CoreGraphics.framework */ = {isa = PBXFileReference; lastKnownFileType = wrapper.framework; name = CoreGraphics.framework; path = System/Library/Frameworks/CoreGraphics.framework; sourceTree = SDKROOT; };
		249974ED190EE85C00A1FC9E /* UIKit.framework */ = {isa = PBXFileReference; lastKnownFileType = wrapper.framework; name = UIKit.framework; path = System/Library/Frameworks/UIKit.framework; sourceTree = SDKROOT; };
		249974F1190EE85C00A1FC9E /* UITableViewController Challenge Solution-Info.plist */ = {isa = PBXFileReference; lastKnownFileType = text.plist.xml; path = "UITableViewController Challenge Solution-Info.plist"; sourceTree = "<group>"; };
		249974F3190EE85C00A1FC9E /* en */ = {isa = PBXFileReference; lastKnownFileType = text.plist.strings; name = en; path = en.lproj/InfoPlist.strings; sourceTree = "<group>"; };
		249974F5190EE85C00A1FC9E /* main.m */ = {isa = PBXFileReference; lastKnownFileType = sourcecode.c.objc; path = main.m; sourceTree = "<group>"; };
		249974F7190EE85C00A1FC9E /* UITableViewController Challenge Solution-Prefix.pch */ = {isa = PBXFileReference; lastKnownFileType = sourcecode.c.h; path = "UITableViewController Challenge Solution-Prefix.pch"; sourceTree = "<group>"; };
		249974F8190EE85C00A1FC9E /* AppDelegate.h */ = {isa = PBXFileReference; lastKnownFileType = sourcecode.c.h; path = AppDelegate.h; sourceTree = "<group>"; };
		249974F9190EE85C00A1FC9E /* AppDelegate.m */ = {isa = PBXFileReference; lastKnownFileType = sourcecode.c.objc; path = AppDelegate.m; sourceTree = "<group>"; };
		249974FC190EE85C00A1FC9E /* Base */ = {isa = PBXFileReference; lastKnownFileType = file.storyboard; name = Base; path = Base.lproj/Main.storyboard; sourceTree = "<group>"; };
		249974FE190EE85C00A1FC9E /* ViewController.h */ = {isa = PBXFileReference; lastKnownFileType = sourcecode.c.h; path = ViewController.h; sourceTree = "<group>"; };
		249974FF190EE85C00A1FC9E /* ViewController.m */ = {isa = PBXFileReference; lastKnownFileType = sourcecode.c.objc; path = ViewController.m; sourceTree = "<group>"; };
		24997501190EE85C00A1FC9E /* Images.xcassets */ = {isa = PBXFileReference; lastKnownFileType = folder.assetcatalog; path = Images.xcassets; sourceTree = "<group>"; };
		24997507190EE85D00A1FC9E /* UITableViewController Challenge SolutionTests.xctest */ = {isa = PBXFileReference; explicitFileType = wrapper.cfbundle; includeInIndex = 0; path = "UITableViewController Challenge SolutionTests.xctest"; sourceTree = BUILT_PRODUCTS_DIR; };
		24997508190EE85D00A1FC9E /* XCTest.framework */ = {isa = PBXFileReference; lastKnownFileType = wrapper.framework; name = XCTest.framework; path = Library/Frameworks/XCTest.framework; sourceTree = DEVELOPER_DIR; };
		24997510190EE85D00A1FC9E /* UITableViewController Challenge SolutionTests-Info.plist */ = {isa = PBXFileReference; lastKnownFileType = text.plist.xml; path = "UITableViewController Challenge SolutionTests-Info.plist"; sourceTree = "<group>"; };
		24997512190EE85D00A1FC9E /* en */ = {isa = PBXFileReference; lastKnownFileType = text.plist.strings; name = en; path = en.lproj/InfoPlist.strings; sourceTree = "<group>"; };
		24997514190EE85D00A1FC9E /* UITableViewController_Challenge_SolutionTests.m */ = {isa = PBXFileReference; lastKnownFileType = sourcecode.c.objc; path = UITableViewController_Challenge_SolutionTests.m; sourceTree = "<group>"; };
/* End PBXFileReference section */

/* Begin PBXFrameworksBuildPhase section */
		249974E3190EE85C00A1FC9E /* Frameworks */ = {
			isa = PBXFrameworksBuildPhase;
			buildActionMask = 2147483647;
			files = (
				249974EC190EE85C00A1FC9E /* CoreGraphics.framework in Frameworks */,
				249974EE190EE85C00A1FC9E /* UIKit.framework in Frameworks */,
				249974EA190EE85C00A1FC9E /* Foundation.framework in Frameworks */,
			);
			runOnlyForDeploymentPostprocessing = 0;
		};
		24997504190EE85D00A1FC9E /* Frameworks */ = {
			isa = PBXFrameworksBuildPhase;
			buildActionMask = 2147483647;
			files = (
				24997509190EE85D00A1FC9E /* XCTest.framework in Frameworks */,
				2499750B190EE85D00A1FC9E /* UIKit.framework in Frameworks */,
				2499750A190EE85D00A1FC9E /* Foundation.framework in Frameworks */,
			);
			runOnlyForDeploymentPostprocessing = 0;
		};
/* End PBXFrameworksBuildPhase section */

/* Begin PBXGroup section */
		249974DD190EE85C00A1FC9E = {
			isa = PBXGroup;
			children = (
				249974EF190EE85C00A1FC9E /* UITableViewController Challenge Solution */,
				2499750E190EE85D00A1FC9E /* UITableViewController Challenge SolutionTests */,
				249974E8190EE85C00A1FC9E /* Frameworks */,
				249974E7190EE85C00A1FC9E /* Products */,
			);
			sourceTree = "<group>";
		};
		249974E7190EE85C00A1FC9E /* Products */ = {
			isa = PBXGroup;
			children = (
				249974E6190EE85C00A1FC9E /* UITableViewController Challenge Solution.app */,
				24997507190EE85D00A1FC9E /* UITableViewController Challenge SolutionTests.xctest */,
			);
			name = Products;
			sourceTree = "<group>";
		};
		249974E8190EE85C00A1FC9E /* Frameworks */ = {
			isa = PBXGroup;
			children = (
				249974E9190EE85C00A1FC9E /* Foundation.framework */,
				249974EB190EE85C00A1FC9E /* CoreGraphics.framework */,
				249974ED190EE85C00A1FC9E /* UIKit.framework */,
				24997508190EE85D00A1FC9E /* XCTest.framework */,
			);
			name = Frameworks;
			sourceTree = "<group>";
		};
		249974EF190EE85C00A1FC9E /* UITableViewController Challenge Solution */ = {
			isa = PBXGroup;
			children = (
				249974F8190EE85C00A1FC9E /* AppDelegate.h */,
				249974F9190EE85C00A1FC9E /* AppDelegate.m */,
				249974FB190EE85C00A1FC9E /* Main.storyboard */,
				249974FE190EE85C00A1FC9E /* ViewController.h */,
				249974FF190EE85C00A1FC9E /* ViewController.m */,
				24997501190EE85C00A1FC9E /* Images.xcassets */,
				249974F0190EE85C00A1FC9E /* Supporting Files */,
			);
			path = "UITableViewController Challenge Solution";
			sourceTree = "<group>";
		};
		249974F0190EE85C00A1FC9E /* Supporting Files */ = {
			isa = PBXGroup;
			children = (
				249974F1190EE85C00A1FC9E /* UITableViewController Challenge Solution-Info.plist */,
				249974F2190EE85C00A1FC9E /* InfoPlist.strings */,
				249974F5190EE85C00A1FC9E /* main.m */,
				249974F7190EE85C00A1FC9E /* UITableViewController Challenge Solution-Prefix.pch */,
			);
			name = "Supporting Files";
			sourceTree = "<group>";
		};
		2499750E190EE85D00A1FC9E /* UITableViewController Challenge SolutionTests */ = {
			isa = PBXGroup;
			children = (
				24997514190EE85D00A1FC9E /* UITableViewController_Challenge_SolutionTests.m */,
				2499750F190EE85D00A1FC9E /* Supporting Files */,
			);
			path = "UITableViewController Challenge SolutionTests";
			sourceTree = "<group>";
		};
		2499750F190EE85D00A1FC9E /* Supporting Files */ = {
			isa = PBXGroup;
			children = (
				24997510190EE85D00A1FC9E /* UITableViewController Challenge SolutionTests-Info.plist */,
				24997511190EE85D00A1FC9E /* InfoPlist.strings */,
			);
			name = "Supporting Files";
			sourceTree = "<group>";
		};
/* End PBXGroup section */

/* Begin PBXNativeTarget section */
		249974E5190EE85C00A1FC9E /* UITableViewController Challenge Solution */ = {
			isa = PBXNativeTarget;
			buildConfigurationList = 24997518190EE85D00A1FC9E /* Build configuration list for PBXNativeTarget "UITableViewController Challenge Solution" */;
			buildPhases = (
				249974E2190EE85C00A1FC9E /* Sources */,
				249974E3190EE85C00A1FC9E /* Frameworks */,
				249974E4190EE85C00A1FC9E /* Resources */,
			);
			buildRules = (
			);
			dependencies = (
			);
			name = "UITableViewController Challenge Solution";
			productName = "UITableViewController Challenge Solution";
			productReference = 249974E6190EE85C00A1FC9E /* UITableViewController Challenge Solution.app */;
			productType = "com.apple.product-type.application";
		};
		24997506190EE85D00A1FC9E /* UITableViewController Challenge SolutionTests */ = {
			isa = PBXNativeTarget;
			buildConfigurationList = 2499751B190EE85D00A1FC9E /* Build configuration list for PBXNativeTarget "UITableViewController Challenge SolutionTests" */;
			buildPhases = (
				24997503190EE85D00A1FC9E /* Sources */,
				24997504190EE85D00A1FC9E /* Frameworks */,
				24997505190EE85D00A1FC9E /* Resources */,
			);
			buildRules = (
			);
			dependencies = (
				2499750D190EE85D00A1FC9E /* PBXTargetDependency */,
			);
			name = "UITableViewController Challenge SolutionTests";
			productName = "UITableViewController Challenge SolutionTests";
			productReference = 24997507190EE85D00A1FC9E /* UITableViewController Challenge SolutionTests.xctest */;
			productType = "com.apple.product-type.bundle.unit-test";
		};
/* End PBXNativeTarget section */

/* Begin PBXProject section */
		249974DE190EE85C00A1FC9E /* Project object */ = {
			isa = PBXProject;
			attributes = {
				LastUpgradeCheck = 0510;
				ORGANIZATIONNAME = CQ;
				TargetAttributes = {
					24997506190EE85D00A1FC9E = {
						TestTargetID = 249974E5190EE85C00A1FC9E;
					};
				};
			};
			buildConfigurationList = 249974E1190EE85C00A1FC9E /* Build configuration list for PBXProject "UITableViewController Challenge Solution" */;
			compatibilityVersion = "Xcode 3.2";
			developmentRegion = English;
			hasScannedForEncodings = 0;
			knownRegions = (
				en,
				Base,
			);
			mainGroup = 249974DD190EE85C00A1FC9E;
			productRefGroup = 249974E7190EE85C00A1FC9E /* Products */;
			projectDirPath = "";
			projectRoot = "";
			targets = (
				249974E5190EE85C00A1FC9E /* UITableViewController Challenge Solution */,
				24997506190EE85D00A1FC9E /* UITableViewController Challenge SolutionTests */,
			);
		};
/* End PBXProject section */

/* Begin PBXResourcesBuildPhase section */
		249974E4190EE85C00A1FC9E /* Resources */ = {
			isa = PBXResourcesBuildPhase;
			buildActionMask = 2147483647;
			files = (
				24997502190EE85C00A1FC9E /* Images.xcassets in Resources */,
				249974F4190EE85C00A1FC9E /* InfoPlist.strings in Resources */,
				249974FD190EE85C00A1FC9E /* Main.storyboard in Resources */,
			);
			runOnlyForDeploymentPostprocessing = 0;
		};
		24997505190EE85D00A1FC9E /* Resources */ = {
			isa = PBXResourcesBuildPhase;
			buildActionMask = 2147483647;
			files = (
				24997513190EE85D00A1FC9E /* InfoPlist.strings in Resources */,
			);
			runOnlyForDeploymentPostprocessing = 0;
		};
/* End PBXResourcesBuildPhase section */

/* Begin PBXSourcesBuildPhase section */
		249974E2190EE85C00A1FC9E /* Sources */ = {
			isa = PBXSourcesBuildPhase;
			buildActionMask = 2147483647;
			files = (
				24997500190EE85C00A1FC9E /* ViewController.m in Sources */,
				249974FA190EE85C00A1FC9E /* AppDelegate.m in Sources */,
				249974F6190EE85C00A1FC9E /* main.m in Sources */,
			);
			runOnlyForDeploymentPostprocessing = 0;
		};
		24997503190EE85D00A1FC9E /* Sources */ = {
			isa = PBXSourcesBuildPhase;
			buildActionMask = 2147483647;
			files = (
				24997515190EE85D00A1FC9E /* UITableViewController_Challenge_SolutionTests.m in Sources */,
			);
			runOnlyForDeploymentPostprocessing = 0;
		};
/* End PBXSourcesBuildPhase section */

/* Begin PBXTargetDependency section */
		2499750D190EE85D00A1FC9E /* PBXTargetDependency */ = {
			isa = PBXTargetDependency;
			target = 249974E5190EE85C00A1FC9E /* UITableViewController Challenge Solution */;
			targetProxy = 2499750C190EE85D00A1FC9E /* PBXContainerItemProxy */;
		};
/* End PBXTargetDependency section */

/* Begin PBXVariantGroup section */
		249974F2190EE85C00A1FC9E /* InfoPlist.strings */ = {
			isa = PBXVariantGroup;
			children = (
				249974F3190EE85C00A1FC9E /* en */,
			);
			name = InfoPlist.strings;
			sourceTree = "<group>";
		};
		249974FB190EE85C00A1FC9E /* Main.storyboard */ = {
			isa = PBXVariantGroup;
			children = (
				249974FC190EE85C00A1FC9E /* Base */,
			);
			name = Main.storyboard;
			sourceTree = "<group>";
		};
		24997511190EE85D00A1FC9E /* InfoPlist.strings */ = {
			isa = PBXVariantGroup;
			children = (
				24997512190EE85D00A1FC9E /* en */,
			);
			name = InfoPlist.strings;
			sourceTree = "<group>";
		};
/* End PBXVariantGroup section */

/* Begin XCBuildConfiguration section */
		24997516190EE85D00A1FC9E /* Debug */ = {
			isa = XCBuildConfiguration;
			buildSettings = {
				ALWAYS_SEARCH_USER_PATHS = NO;
				CLANG_CXX_LANGUAGE_STANDARD = "gnu++0x";
				CLANG_CXX_LIBRARY = "libc++";
				CLANG_ENABLE_MODULES = YES;
				CLANG_ENABLE_OBJC_ARC = YES;
				CLANG_WARN_BOOL_CONVERSION = YES;
				CLANG_WARN_CONSTANT_CONVERSION = YES;
				CLANG_WARN_DIRECT_OBJC_ISA_USAGE = YES_ERROR;
				CLANG_WARN_EMPTY_BODY = YES;
				CLANG_WARN_ENUM_CONVERSION = YES;
				CLANG_WARN_INT_CONVERSION = YES;
				CLANG_WARN_OBJC_ROOT_CLASS = YES_ERROR;
				CLANG_WARN__DUPLICATE_METHOD_MATCH = YES;
				"CODE_SIGN_IDENTITY[sdk=iphoneos*]" = "iPhone Developer";
				COPY_PHASE_STRIP = NO;
				GCC_C_LANGUAGE_STANDARD = gnu99;
				GCC_DYNAMIC_NO_PIC = NO;
				GCC_OPTIMIZATION_LEVEL = 0;
				GCC_PREPROCESSOR_DEFINITIONS = (
					"DEBUG=1",
					"$(inherited)",
				);
				GCC_SYMBOLS_PRIVATE_EXTERN = NO;
				GCC_WARN_64_TO_32_BIT_CONVERSION = YES;
				GCC_WARN_ABOUT_RETURN_TYPE = YES_ERROR;
				GCC_WARN_UNDECLARED_SELECTOR = YES;
				GCC_WARN_UNINITIALIZED_AUTOS = YES_AGGRESSIVE;
				GCC_WARN_UNUSED_FUNCTION = YES;
				GCC_WARN_UNUSED_VARIABLE = YES;
				IPHONEOS_DEPLOYMENT_TARGET = 7.1;
				ONLY_ACTIVE_ARCH = YES;
				SDKROOT = iphoneos;
			};
			name = Debug;
		};
		24997517190EE85D00A1FC9E /* Release */ = {
			isa = XCBuildConfiguration;
			buildSettings = {
				ALWAYS_SEARCH_USER_PATHS = NO;
				CLANG_CXX_LANGUAGE_STANDARD = "gnu++0x";
				CLANG_CXX_LIBRARY = "libc++";
				CLANG_ENABLE_MODULES = YES;
				CLANG_ENABLE_OBJC_ARC = YES;
				CLANG_WARN_BOOL_CONVERSION = YES;
				CLANG_WARN_CONSTANT_CONVERSION = YES;
				CLANG_WARN_DIRECT_OBJC_ISA_USAGE = YES_ERROR;
				CLANG_WARN_EMPTY_BODY = YES;
				CLANG_WARN_ENUM_CONVERSION = YES;
				CLANG_WARN_INT_CONVERSION = YES;
				CLANG_WARN_OBJC_ROOT_CLASS = YES_ERROR;
				CLANG_WARN__DUPLICATE_METHOD_MATCH = YES;
				"CODE_SIGN_IDENTITY[sdk=iphoneos*]" = "iPhone Developer";
				COPY_PHASE_STRIP = YES;
				ENABLE_NS_ASSERTIONS = NO;
				GCC_C_LANGUAGE_STANDARD = gnu99;
				GCC_WARN_64_TO_32_BIT_CONVERSION = YES;
				GCC_WARN_ABOUT_RETURN_TYPE = YES_ERROR;
				GCC_WARN_UNDECLARED_SELECTOR = YES;
				GCC_WARN_UNINITIALIZED_AUTOS = YES_AGGRESSIVE;
				GCC_WARN_UNUSED_FUNCTION = YES;
				GCC_WARN_UNUSED_VARIABLE = YES;
				IPHONEOS_DEPLOYMENT_TARGET = 7.1;
				SDKROOT = iphoneos;
				VALIDATE_PRODUCT = YES;
			};
			name = Release;
		};
		24997519190EE85D00A1FC9E /* Debug */ = {
			isa = XCBuildConfiguration;
			buildSettings = {
				ASSETCATALOG_COMPILER_APPICON_NAME = AppIcon;
				ASSETCATALOG_COMPILER_LAUNCHIMAGE_NAME = LaunchImage;
				GCC_PRECOMPILE_PREFIX_HEADER = YES;
				GCC_PREFIX_HEADER = "UITableViewController Challenge Solution/UITableViewController Challenge Solution-Prefix.pch";
				INFOPLIST_FILE = "UITableViewController Challenge Solution/UITableViewController Challenge Solution-Info.plist";
				PRODUCT_NAME = "$(TARGET_NAME)";
				WRAPPER_EXTENSION = app;
			};
			name = Debug;
		};
		2499751A190EE85D00A1FC9E /* Release */ = {
			isa = XCBuildConfiguration;
			buildSettings = {
				ASSETCATALOG_COMPILER_APPICON_NAME = AppIcon;
				ASSETCATALOG_COMPILER_LAUNCHIMAGE_NAME = LaunchImage;
				GCC_PRECOMPILE_PREFIX_HEADER = YES;
				GCC_PREFIX_HEADER = "UITableViewController Challenge Solution/UITableViewController Challenge Solution-Prefix.pch";
				INFOPLIST_FILE = "UITableViewController Challenge Solution/UITableViewController Challenge Solution-Info.plist";
				PRODUCT_NAME = "$(TARGET_NAME)";
				WRAPPER_EXTENSION = app;
			};
			name = Release;
		};
		2499751C190EE85D00A1FC9E /* Debug */ = {
			isa = XCBuildConfiguration;
			buildSettings = {
				BUNDLE_LOADER = "$(BUILT_PRODUCTS_DIR)/UITableViewController Challenge Solution.app/UITableViewController Challenge Solution";
				FRAMEWORK_SEARCH_PATHS = (
					"$(SDKROOT)/Developer/Library/Frameworks",
					"$(inherited)",
					"$(DEVELOPER_FRAMEWORKS_DIR)",
				);
				GCC_PRECOMPILE_PREFIX_HEADER = YES;
				GCC_PREFIX_HEADER = "UITableViewController Challenge Solution/UITableViewController Challenge Solution-Prefix.pch";
				GCC_PREPROCESSOR_DEFINITIONS = (
					"DEBUG=1",
					"$(inherited)",
				);
				INFOPLIST_FILE = "UITableViewController Challenge SolutionTests/UITableViewController Challenge SolutionTests-Info.plist";
				PRODUCT_NAME = "$(TARGET_NAME)";
				TEST_HOST = "$(BUNDLE_LOADER)";
				WRAPPER_EXTENSION = xctest;
			};
			name = Debug;
		};
		2499751D190EE85D00A1FC9E /* Release */ = {
			isa = XCBuildConfiguration;
			buildSettings = {
				BUNDLE_LOADER = "$(BUILT_PRODUCTS_DIR)/UITableViewController Challenge Solution.app/UITableViewController Challenge Solution";
				FRAMEWORK_SEARCH_PATHS = (
					"$(SDKROOT)/Developer/Library/Frameworks",
					"$(inherited)",
					"$(DEVELOPER_FRAMEWORKS_DIR)",
				);
				GCC_PRECOMPILE_PREFIX_HEADER = YES;
				GCC_PREFIX_HEADER = "UITableViewController Challenge Solution/UITableViewController Challenge Solution-Prefix.pch";
				INFOPLIST_FILE = "UITableViewController Challenge SolutionTests/UITableViewController Challenge SolutionTests-Info.plist";
				PRODUCT_NAME = "$(TARGET_NAME)";
				TEST_HOST = "$(BUNDLE_LOADER)";
				WRAPPER_EXTENSION = xctest;
			};
			name = Release;
		};
/* End XCBuildConfiguration section */

/* Begin XCConfigurationList section */
		249974E1190EE85C00A1FC9E /* Build configuration list for PBXProject "UITableViewController Challenge Solution" */ = {
			isa = XCConfigurationList;
			buildConfigurations = (
				24997516190EE85D00A1FC9E /* Debug */,
				24997517190EE85D00A1FC9E /* Release */,
			);
			defaultConfigurationIsVisible = 0;
			defaultConfigurationName = Release;
		};
		24997518190EE85D00A1FC9E /* Build configuration list for PBXNativeTarget "UITableViewController Challenge Solution" */ = {
			isa = XCConfigurationList;
			buildConfigurations = (
				24997519190EE85D00A1FC9E /* Debug */,
				2499751A190EE85D00A1FC9E /* Release */,
			);
			defaultConfigurationIsVisible = 0;
		};
		2499751B190EE85D00A1FC9E /* Build configuration list for PBXNativeTarget "UITableViewController Challenge SolutionTests" */ = {
			isa = XCConfigurationList;
			buildConfigurations = (
				2499751C190EE85D00A1FC9E /* Debug */,
				2499751D190EE85D00A1FC9E /* Release */,
			);
			defaultConfigurationIsVisible = 0;
		};
/* End XCConfigurationList section */
	};
	rootObject = 249974DE190EE85C00A1FC9E /* Project object */;
}
